github.com/dosgo/spake2-go v0.0.0-20241019170010-3b8be66d26f7 h1:BwlYEjA/y6gyCSRyhEVeLZ7HxnB0krs/2+TaG4bGjjs=
github.com/dosgo/spake2-go v0.0.0-20241019170010-3b8be66d26f7/go.mod h1:orsUSpRyx/wXpYlpvaRz70nJ49+kLQCd2gP3JVfamD8=
golang.org/x/crypto v0.28.0 h1:GBDwsMXVQi34v5CCYUm2jkJvu4cbtru2U4TN2PSyQnw=
golang.org/x/crypto v0.28.0/go.mod h1:rmgy+3RHxRZMyY0jjAJShp2zgEdOqj2AO7U0pYmeQ7U=
