golang.org/x/crypto v0.28.0 h1:GBDwsMXVQi34v5CCYUm2jkJvu4cbtru2U4TN2PSyQnw=
golang.org/x/crypto v0.28.0/go.mod h1:rmgy+3RHxRZMyY0jjAJShp2zgEdOqj2AO7U0pYmeQ7U=
salsa.debian.org/vasudev/gospake2 v0.0.0-20210510093858-d91629950ad1 h1:m65DhEZR/5zbgOGW4sQGDZmIwro+xBGIBQGWm43SlxM=
salsa.debian.org/vasudev/gospake2 v0.0.0-20210510093858-d91629950ad1/go.mod h1:soKzqXBAtqHTODjyA0VzH2iERtpzN1w65eZUfetn2cQ=
